
Microsoft Visual Studio Solution File, Format Version 12.00
# Visual Studio Version 17
VisualStudioVersion = 17.6.33829.357
MinimumVisualStudioVersion = 10.0.40219.1
Project("{FAE04EC0-301F-11D3-BF4B-00C04F79EFBC}") = "Gimmick ROM extractor", "Gimmick ROM extractor\Gimmick ROM extractor.csproj", "{D309111F-72F6-4315-ACBA-DC140947871D}"
EndProject
Global
	GlobalSection(SolutionConfigurationPlatforms) = preSolution
		Debug|Any CPU = Debug|Any CPU
		Release|Any CPU = Release|Any CPU
	EndGlobalSection
	GlobalSection(ProjectConfigurationPlatforms) = postSolution
		{D309111F-72F6-4315-ACBA-DC140947871D}.Debug|Any CPU.ActiveCfg = Debug|Any CPU
		{D309111F-72F6-4315-ACBA-DC140947871D}.Debug|Any CPU.Build.0 = Debug|Any CPU
		{D309111F-72F6-4315-ACBA-DC140947871D}.Release|Any CPU.ActiveCfg = Release|Any CPU
		{D309111F-72F6-4315-ACBA-DC140947871D}.Release|Any CPU.Build.0 = Release|Any CPU
	EndGlobalSection
	GlobalSection(SolutionProperties) = preSolution
		HideSolutionNode = FALSE
	EndGlobalSection
	GlobalSection(ExtensibilityGlobals) = postSolution
		SolutionGuid = {83CB76E0-4B14-45E7-94B5-1C03B3F6E44E}
	EndGlobalSection
EndGlobal
